
Microsoft Visual Studio Solution File, Format Version 12.00
# Visual Studio Version 17
VisualStudioVersion = 17.4.33110.190
MinimumVisualStudioVersion = 10.0.40219.1
Project("{FAE04EC0-301F-11D3-BF4B-00C04F79EFBC}") = "Umb.Domain", "Domain\Umb.Domain.csproj", "{A52F825D-0756-4A0D-8DD2-3E7B6A3F5924}"
EndProject
Project("{FAE04EC0-301F-11D3-BF4B-00C04F79EFBC}") = "Core", "Core\Core.csproj", "{7D14EFC9-0A90-4371-B69A-A168F11A1730}"
EndProject
Project("{FAE04EC0-301F-11D3-BF4B-00C04F79EFBC}") = "Umb.Infasructure", "Infasructure\Umb.Infasructure.csproj", "{BF749B83-88B9-4A1B-BBD6-29F79956459C}"
EndProject
Project("{FAE04EC0-301F-11D3-BF4B-00C04F79EFBC}") = "Umb.Application", "Application\Umb.Application.csproj", "{647CF9AF-ED57-4BEA-8FB0-7A9928809EC0}"
EndProject
Project("{FAE04EC0-301F-11D3-BF4B-00C04F79EFBC}") = "Umb.Persistance", "Persistance\Umb.Persistance.csproj", "{D81BFBA3-A08F-4647-A489-B67FEF4D1138}"
EndProject
Project("{FAE04EC0-301F-11D3-BF4B-00C04F79EFBC}") = "Web.API", "Web.API\Web.API.csproj", "{1E26C19C-416D-4F9F-9A3F-DCAC75159492}"
EndProject
Global
	GlobalSection(SolutionConfigurationPlatforms) = preSolution
		Debug|Any CPU = Debug|Any CPU
		Release|Any CPU = Release|Any CPU
	EndGlobalSection
	GlobalSection(ProjectConfigurationPlatforms) = postSolution
		{A52F825D-0756-4A0D-8DD2-3E7B6A3F5924}.Debug|Any CPU.ActiveCfg = Debug|Any CPU
		{A52F825D-0756-4A0D-8DD2-3E7B6A3F5924}.Debug|Any CPU.Build.0 = Debug|Any CPU
		{A52F825D-0756-4A0D-8DD2-3E7B6A3F5924}.Release|Any CPU.ActiveCfg = Release|Any CPU
		{A52F825D-0756-4A0D-8DD2-3E7B6A3F5924}.Release|Any CPU.Build.0 = Release|Any CPU
		{7D14EFC9-0A90-4371-B69A-A168F11A1730}.Debug|Any CPU.ActiveCfg = Debug|Any CPU
		{7D14EFC9-0A90-4371-B69A-A168F11A1730}.Debug|Any CPU.Build.0 = Debug|Any CPU
		{7D14EFC9-0A90-4371-B69A-A168F11A1730}.Release|Any CPU.ActiveCfg = Release|Any CPU
		{7D14EFC9-0A90-4371-B69A-A168F11A1730}.Release|Any CPU.Build.0 = Release|Any CPU
		{BF749B83-88B9-4A1B-BBD6-29F79956459C}.Debug|Any CPU.ActiveCfg = Debug|Any CPU
		{BF749B83-88B9-4A1B-BBD6-29F79956459C}.Debug|Any CPU.Build.0 = Debug|Any CPU
		{BF749B83-88B9-4A1B-BBD6-29F79956459C}.Release|Any CPU.ActiveCfg = Release|Any CPU
		{BF749B83-88B9-4A1B-BBD6-29F79956459C}.Release|Any CPU.Build.0 = Release|Any CPU
		{647CF9AF-ED57-4BEA-8FB0-7A9928809EC0}.Debug|Any CPU.ActiveCfg = Debug|Any CPU
		{647CF9AF-ED57-4BEA-8FB0-7A9928809EC0}.Debug|Any CPU.Build.0 = Debug|Any CPU
		{647CF9AF-ED57-4BEA-8FB0-7A9928809EC0}.Release|Any CPU.ActiveCfg = Release|Any CPU
		{647CF9AF-ED57-4BEA-8FB0-7A9928809EC0}.Release|Any CPU.Build.0 = Release|Any CPU
		{D81BFBA3-A08F-4647-A489-B67FEF4D1138}.Debug|Any CPU.ActiveCfg = Debug|Any CPU
		{D81BFBA3-A08F-4647-A489-B67FEF4D1138}.Debug|Any CPU.Build.0 = Debug|Any CPU
		{D81BFBA3-A08F-4647-A489-B67FEF4D1138}.Release|Any CPU.ActiveCfg = Release|Any CPU
		{D81BFBA3-A08F-4647-A489-B67FEF4D1138}.Release|Any CPU.Build.0 = Release|Any CPU
		{1E26C19C-416D-4F9F-9A3F-DCAC75159492}.Debug|Any CPU.ActiveCfg = Debug|Any CPU
		{1E26C19C-416D-4F9F-9A3F-DCAC75159492}.Debug|Any CPU.Build.0 = Debug|Any CPU
		{1E26C19C-416D-4F9F-9A3F-DCAC75159492}.Release|Any CPU.ActiveCfg = Release|Any CPU
		{1E26C19C-416D-4F9F-9A3F-DCAC75159492}.Release|Any CPU.Build.0 = Release|Any CPU
	EndGlobalSection
	GlobalSection(SolutionProperties) = preSolution
		HideSolutionNode = FALSE
	EndGlobalSection
	GlobalSection(ExtensibilityGlobals) = postSolution
		SolutionGuid = {22068D69-E454-4302-9CB7-03375DEE8F08}
	EndGlobalSection
EndGlobal
